
Microsoft Visual Studio Solution File, Format Version 12.00
# Visual Studio Version 16
VisualStudioVersion = 16.0.31005.135
MinimumVisualStudioVersion = 10.0.40219.1
Project("{FAE04EC0-301F-11D3-BF4B-00C04F79EFBC}") = "Lab3fixed", "Lab3fixed\Lab3fixed.csproj", "{84F080C6-C69F-47B0-98C1-51C46F701740}"
EndProject
Global
	GlobalSection(SolutionConfigurationPlatforms) = preSolution
		Debug|Any CPU = Debug|Any CPU
		Release|Any CPU = Release|Any CPU
	EndGlobalSection
	GlobalSection(ProjectConfigurationPlatforms) = postSolution
		{84F080C6-C69F-47B0-98C1-51C46F701740}.Debug|Any CPU.ActiveCfg = Debug|Any CPU
		{84F080C6-C69F-47B0-98C1-51C46F701740}.Debug|Any CPU.Build.0 = Debug|Any CPU
		{84F080C6-C69F-47B0-98C1-51C46F701740}.Release|Any CPU.ActiveCfg = Release|Any CPU
		{84F080C6-C69F-47B0-98C1-51C46F701740}.Release|Any CPU.Build.0 = Release|Any CPU
	EndGlobalSection
	GlobalSection(SolutionProperties) = preSolution
		HideSolutionNode = FALSE
	EndGlobalSection
	GlobalSection(ExtensibilityGlobals) = postSolution
		SolutionGuid = {9E55C403-4861-41DA-93A7-75D858F24034}
	EndGlobalSection
EndGlobal
